// !$*UTF8*$!
{
	archiveVersion = 1;
	classes = {
	};
	objectVersion = 55;
	objects = {

/* Begin PBXBuildFile section */
		50AAF3F0281D64F600E3F75B /* AppDelegate.swift in Sources */ = {isa = PBXBuildFile; fileRef = 50AAF3EF281D64F600E3F75B /* AppDelegate.swift */; };
		50AAF3F2281D64F600E3F75B /* SceneDelegate.swift in Sources */ = {isa = PBXBuildFile; fileRef = 50AAF3F1281D64F600E3F75B /* SceneDelegate.swift */; };
		50AAF3F7281D64F600E3F75B /* Main.storyboard in Resources */ = {isa = PBXBuildFile; fileRef = 50AAF3F5281D64F600E3F75B /* Main.storyboard */; };
		50AAF3FA281D64F600E3F75B /* ListLeboncoin.xcdatamodeld in Sources */ = {isa = PBXBuildFile; fileRef = 50AAF3F8281D64F600E3F75B /* ListLeboncoin.xcdatamodeld */; };
		50AAF3FC281D64F900E3F75B /* Assets.xcassets in Resources */ = {isa = PBXBuildFile; fileRef = 50AAF3FB281D64F900E3F75B /* Assets.xcassets */; };
		50AAF3FF281D64F900E3F75B /* LaunchScreen.storyboard in Resources */ = {isa = PBXBuildFile; fileRef = 50AAF3FD281D64F900E3F75B /* LaunchScreen.storyboard */; };
		50AAF40A281D67D000E3F75B /* ListViewController.swift in Sources */ = {isa = PBXBuildFile; fileRef = 50AAF409281D67D000E3F75B /* ListViewController.swift */; };
		50AAF40C281D6B1900E3F75B /* CallApiDataService.swift in Sources */ = {isa = PBXBuildFile; fileRef = 50AAF40B281D6B1900E3F75B /* CallApiDataService.swift */; };
		50AAF40E281D6B5000E3F75B /* ErrorCasesCallAPI.swift in Sources */ = {isa = PBXBuildFile; fileRef = 50AAF40D281D6B5000E3F75B /* ErrorCasesCallAPI.swift */; };
		50AAF412281D6C4400E3F75B /* Ads.swift in Sources */ = {isa = PBXBuildFile; fileRef = 50AAF411281D6C4400E3F75B /* Ads.swift */; };
		50AAF416281D73A800E3F75B /* AdsCollectionViewCell.swift in Sources */ = {isa = PBXBuildFile; fileRef = 50AAF415281D73A800E3F75B /* AdsCollectionViewCell.swift */; };
		50AAF418281D8C5A00E3F75B /* DescriptionViewController.swift in Sources */ = {isa = PBXBuildFile; fileRef = 50AAF417281D8C5A00E3F75B /* DescriptionViewController.swift */; };
		50AAF43D282122CA00E3F75B /* Ids.swift in Sources */ = {isa = PBXBuildFile; fileRef = 50AAF43C282122CA00E3F75B /* Ids.swift */; };
		50AAF43F2821950F00E3F75B /* Categorie.swift in Sources */ = {isa = PBXBuildFile; fileRef = 50AAF43E2821950F00E3F75B /* Categorie.swift */; };
		50EB345E282281E300B4BAE9 /* FilterItem.swift in Sources */ = {isa = PBXBuildFile; fileRef = 50EB345D282281E300B4BAE9 /* FilterItem.swift */; };
		50EB34602823C71400B4BAE9 /* Annonce.swift in Sources */ = {isa = PBXBuildFile; fileRef = 50EB345F2823C71400B4BAE9 /* Annonce.swift */; };
/* End PBXBuildFile section */

/* Begin PBXFileReference section */
		50AAF3EC281D64F600E3F75B /* ListLeboncoin.app */ = {isa = PBXFileReference; explicitFileType = wrapper.application; includeInIndex = 0; path = ListLeboncoin.app; sourceTree = BUILT_PRODUCTS_DIR; };
		50AAF3EF281D64F600E3F75B /* AppDelegate.swift */ = {isa = PBXFileReference; lastKnownFileType = sourcecode.swift; path = AppDelegate.swift; sourceTree = "<group>"; };
		50AAF3F1281D64F600E3F75B /* SceneDelegate.swift */ = {isa = PBXFileReference; lastKnownFileType = sourcecode.swift; path = SceneDelegate.swift; sourceTree = "<group>"; };
		50AAF3F6281D64F600E3F75B /* Base */ = {isa = PBXFileReference; lastKnownFileType = file.storyboard; name = Base; path = Base.lproj/Main.storyboard; sourceTree = "<group>"; };
		50AAF3F9281D64F600E3F75B /* ListLeboncoin.xcdatamodel */ = {isa = PBXFileReference; lastKnownFileType = wrapper.xcdatamodel; path = ListLeboncoin.xcdatamodel; sourceTree = "<group>"; };
		50AAF3FB281D64F900E3F75B /* Assets.xcassets */ = {isa = PBXFileReference; lastKnownFileType = folder.assetcatalog; path = Assets.xcassets; sourceTree = "<group>"; };
		50AAF3FE281D64F900E3F75B /* Base */ = {isa = PBXFileReference; lastKnownFileType = file.storyboard; name = Base; path = Base.lproj/LaunchScreen.storyboard; sourceTree = "<group>"; };
		50AAF400281D64F900E3F75B /* Info.plist */ = {isa = PBXFileReference; lastKnownFileType = text.plist.xml; path = Info.plist; sourceTree = "<group>"; };
		50AAF409281D67D000E3F75B /* ListViewController.swift */ = {isa = PBXFileReference; lastKnownFileType = sourcecode.swift; path = ListViewController.swift; sourceTree = "<group>"; };
		50AAF40B281D6B1900E3F75B /* CallApiDataService.swift */ = {isa = PBXFileReference; lastKnownFileType = sourcecode.swift; path = CallApiDataService.swift; sourceTree = "<group>"; };
		50AAF40D281D6B5000E3F75B /* ErrorCasesCallAPI.swift */ = {isa = PBXFileReference; lastKnownFileType = sourcecode.swift; path = ErrorCasesCallAPI.swift; sourceTree = "<group>"; };
		50AAF411281D6C4400E3F75B /* Ads.swift */ = {isa = PBXFileReference; lastKnownFileType = sourcecode.swift; path = Ads.swift; sourceTree = "<group>"; };
		50AAF415281D73A800E3F75B /* AdsCollectionViewCell.swift */ = {isa = PBXFileReference; lastKnownFileType = sourcecode.swift; path = AdsCollectionViewCell.swift; sourceTree = "<group>"; };
		50AAF417281D8C5A00E3F75B /* DescriptionViewController.swift */ = {isa = PBXFileReference; lastKnownFileType = sourcecode.swift; path = DescriptionViewController.swift; sourceTree = "<group>"; };
		50AAF43C282122CA00E3F75B /* Ids.swift */ = {isa = PBXFileReference; lastKnownFileType = sourcecode.swift; path = Ids.swift; sourceTree = "<group>"; };
		50AAF43E2821950F00E3F75B /* Categorie.swift */ = {isa = PBXFileReference; lastKnownFileType = sourcecode.swift; path = Categorie.swift; sourceTree = "<group>"; };
		50EB345D282281E300B4BAE9 /* FilterItem.swift */ = {isa = PBXFileReference; lastKnownFileType = sourcecode.swift; path = FilterItem.swift; sourceTree = "<group>"; };
		50EB345F2823C71400B4BAE9 /* Annonce.swift */ = {isa = PBXFileReference; lastKnownFileType = sourcecode.swift; path = Annonce.swift; sourceTree = "<group>"; };
/* End PBXFileReference section */

/* Begin PBXFrameworksBuildPhase section */
		50AAF3E9281D64F600E3F75B /* Frameworks */ = {
			isa = PBXFrameworksBuildPhase;
			buildActionMask = 2147483647;
			files = (
			);
			runOnlyForDeploymentPostprocessing = 0;
		};
/* End PBXFrameworksBuildPhase section */

/* Begin PBXGroup section */
		50AAF3E3281D64F600E3F75B = {
			isa = PBXGroup;
			children = (
				50AAF3EE281D64F600E3F75B /* ListLeboncoin */,
				50AAF3ED281D64F600E3F75B /* Products */,
			);
			sourceTree = "<group>";
		};
		50AAF3ED281D64F600E3F75B /* Products */ = {
			isa = PBXGroup;
			children = (
				50AAF3EC281D64F600E3F75B /* ListLeboncoin.app */,
			);
			name = Products;
			sourceTree = "<group>";
		};
		50AAF3EE281D64F600E3F75B /* ListLeboncoin */ = {
			isa = PBXGroup;
			children = (
				50AAF408281D67A800E3F75B /* Controller */,
				50AAF407281D679B00E3F75B /* View */,
				50AAF406281D679300E3F75B /* Model */,
				50AAF3FB281D64F900E3F75B /* Assets.xcassets */,
				50AAF400281D64F900E3F75B /* Info.plist */,
				50AAF3F8281D64F600E3F75B /* ListLeboncoin.xcdatamodeld */,
			);
			path = ListLeboncoin;
			sourceTree = "<group>";
		};
		50AAF406281D679300E3F75B /* Model */ = {
			isa = PBXGroup;
			children = (
				50AAF3F1281D64F600E3F75B /* SceneDelegate.swift */,
				50AAF3EF281D64F600E3F75B /* AppDelegate.swift */,
				50AAF40B281D6B1900E3F75B /* CallApiDataService.swift */,
				50AAF40D281D6B5000E3F75B /* ErrorCasesCallAPI.swift */,
				50AAF411281D6C4400E3F75B /* Ads.swift */,
				50AAF43C282122CA00E3F75B /* Ids.swift */,
				50AAF43E2821950F00E3F75B /* Categorie.swift */,
				50EB345D282281E300B4BAE9 /* FilterItem.swift */,
				50EB345F2823C71400B4BAE9 /* Annonce.swift */,
			);
			path = Model;
			sourceTree = "<group>";
		};
		50AAF407281D679B00E3F75B /* View */ = {
			isa = PBXGroup;
			children = (
				50AAF3F5281D64F600E3F75B /* Main.storyboard */,
				50AAF3FD281D64F900E3F75B /* LaunchScreen.storyboard */,
				50AAF415281D73A800E3F75B /* AdsCollectionViewCell.swift */,
			);
			path = View;
			sourceTree = "<group>";
		};
		50AAF408281D67A800E3F75B /* Controller */ = {
			isa = PBXGroup;
			children = (
				50AAF409281D67D000E3F75B /* ListViewController.swift */,
				50AAF417281D8C5A00E3F75B /* DescriptionViewController.swift */,
			);
			path = Controller;
			sourceTree = "<group>";
		};
/* End PBXGroup section */

/* Begin PBXNativeTarget section */
		50AAF3EB281D64F600E3F75B /* ListLeboncoin */ = {
			isa = PBXNativeTarget;
			buildConfigurationList = 50AAF403281D64F900E3F75B /* Build configuration list for PBXNativeTarget "ListLeboncoin" */;
			buildPhases = (
				50AAF3E8281D64F600E3F75B /* Sources */,
				50AAF3E9281D64F600E3F75B /* Frameworks */,
				50AAF3EA281D64F600E3F75B /* Resources */,
			);
			buildRules = (
			);
			dependencies = (
			);
			name = ListLeboncoin;
			productName = ListLeboncoin;
			productReference = 50AAF3EC281D64F600E3F75B /* ListLeboncoin.app */;
			productType = "com.apple.product-type.application";
		};
/* End PBXNativeTarget section */

/* Begin PBXProject section */
		50AAF3E4281D64F600E3F75B /* Project object */ = {
			isa = PBXProject;
			attributes = {
				BuildIndependentTargetsInParallel = 1;
				LastSwiftUpdateCheck = 1320;
				LastUpgradeCheck = 1320;
				TargetAttributes = {
					50AAF3EB281D64F600E3F75B = {
						CreatedOnToolsVersion = 13.2.1;
					};
				};
			};
			buildConfigurationList = 50AAF3E7281D64F600E3F75B /* Build configuration list for PBXProject "ListLeboncoin" */;
			compatibilityVersion = "Xcode 13.0";
			developmentRegion = en;
			hasScannedForEncodings = 0;
			knownRegions = (
				en,
				Base,
			);
			mainGroup = 50AAF3E3281D64F600E3F75B;
			productRefGroup = 50AAF3ED281D64F600E3F75B /* Products */;
			projectDirPath = "";
			projectRoot = "";
			targets = (
				50AAF3EB281D64F600E3F75B /* ListLeboncoin */,
			);
		};
/* End PBXProject section */

/* Begin PBXResourcesBuildPhase section */
		50AAF3EA281D64F600E3F75B /* Resources */ = {
			isa = PBXResourcesBuildPhase;
			buildActionMask = 2147483647;
			files = (
				50AAF3FF281D64F900E3F75B /* LaunchScreen.storyboard in Resources */,
				50AAF3FC281D64F900E3F75B /* Assets.xcassets in Resources */,
				50AAF3F7281D64F600E3F75B /* Main.storyboard in Resources */,
			);
			runOnlyForDeploymentPostprocessing = 0;
		};
/* End PBXResourcesBuildPhase section */

/* Begin PBXSourcesBuildPhase section */
		50AAF3E8281D64F600E3F75B /* Sources */ = {
			isa = PBXSourcesBuildPhase;
			buildActionMask = 2147483647;
			files = (
				50EB345E282281E300B4BAE9 /* FilterItem.swift in Sources */,
				50AAF412281D6C4400E3F75B /* Ads.swift in Sources */,
				50AAF3F0281D64F600E3F75B /* AppDelegate.swift in Sources */,
				50AAF43F2821950F00E3F75B /* Categorie.swift in Sources */,
				50AAF43D282122CA00E3F75B /* Ids.swift in Sources */,
				50AAF40C281D6B1900E3F75B /* CallApiDataService.swift in Sources */,
				50AAF3F2281D64F600E3F75B /* SceneDelegate.swift in Sources */,
				50AAF40E281D6B5000E3F75B /* ErrorCasesCallAPI.swift in Sources */,
				50AAF416281D73A800E3F75B /* AdsCollectionViewCell.swift in Sources */,
				50AAF418281D8C5A00E3F75B /* DescriptionViewController.swift in Sources */,
				50AAF40A281D67D000E3F75B /* ListViewController.swift in Sources */,
				50AAF3FA281D64F600E3F75B /* ListLeboncoin.xcdatamodeld in Sources */,
				50EB34602823C71400B4BAE9 /* Annonce.swift in Sources */,
			);
			runOnlyForDeploymentPostprocessing = 0;
		};
/* End PBXSourcesBuildPhase section */

/* Begin PBXVariantGroup section */
		50AAF3F5281D64F600E3F75B /* Main.storyboard */ = {
			isa = PBXVariantGroup;
			children = (
				50AAF3F6281D64F600E3F75B /* Base */,
			);
			name = Main.storyboard;
			sourceTree = "<group>";
		};
		50AAF3FD281D64F900E3F75B /* LaunchScreen.storyboard */ = {
			isa = PBXVariantGroup;
			children = (
				50AAF3FE281D64F900E3F75B /* Base */,
			);
			name = LaunchScreen.storyboard;
			sourceTree = "<group>";
		};
/* End PBXVariantGroup section */

/* Begin XCBuildConfiguration section */
		50AAF401281D64F900E3F75B /* Debug */ = {
			isa = XCBuildConfiguration;
			buildSettings = {
				ALWAYS_SEARCH_USER_PATHS = NO;
				CLANG_ANALYZER_NONNULL = YES;
				CLANG_ANALYZER_NUMBER_OBJECT_CONVERSION = YES_AGGRESSIVE;
				CLANG_CXX_LANGUAGE_STANDARD = "gnu++17";
				CLANG_CXX_LIBRARY = "libc++";
				CLANG_ENABLE_MODULES = YES;
				CLANG_ENABLE_OBJC_ARC = YES;
				CLANG_ENABLE_OBJC_WEAK = YES;
				CLANG_WARN_BLOCK_CAPTURE_AUTORELEASING = YES;
				CLANG_WARN_BOOL_CONVERSION = YES;
				CLANG_WARN_COMMA = YES;
				CLANG_WARN_CONSTANT_CONVERSION = YES;
				CLANG_WARN_DEPRECATED_OBJC_IMPLEMENTATIONS = YES;
				CLANG_WARN_DIRECT_OBJC_ISA_USAGE = YES_ERROR;
				CLANG_WARN_DOCUMENTATION_COMMENTS = YES;
				CLANG_WARN_EMPTY_BODY = YES;
				CLANG_WARN_ENUM_CONVERSION = YES;
				CLANG_WARN_INFINITE_RECURSION = YES;
				CLANG_WARN_INT_CONVERSION = YES;
				CLANG_WARN_NON_LITERAL_NULL_CONVERSION = YES;
				CLANG_WARN_OBJC_IMPLICIT_RETAIN_SELF = YES;
				CLANG_WARN_OBJC_LITERAL_CONVERSION = YES;
				CLANG_WARN_OBJC_ROOT_CLASS = YES_ERROR;
				CLANG_WARN_QUOTED_INCLUDE_IN_FRAMEWORK_HEADER = YES;
				CLANG_WARN_RANGE_LOOP_ANALYSIS = YES;
				CLANG_WARN_STRICT_PROTOTYPES = YES;
				CLANG_WARN_SUSPICIOUS_MOVE = YES;
				CLANG_WARN_UNGUARDED_AVAILABILITY = YES_AGGRESSIVE;
				CLANG_WARN_UNREACHABLE_CODE = YES;
				CLANG_WARN__DUPLICATE_METHOD_MATCH = YES;
				COPY_PHASE_STRIP = NO;
				DEBUG_INFORMATION_FORMAT = dwarf;
				ENABLE_STRICT_OBJC_MSGSEND = YES;
				ENABLE_TESTABILITY = YES;
				GCC_C_LANGUAGE_STANDARD = gnu11;
				GCC_DYNAMIC_NO_PIC = NO;
				GCC_NO_COMMON_BLOCKS = YES;
				GCC_OPTIMIZATION_LEVEL = 0;
				GCC_PREPROCESSOR_DEFINITIONS = (
					"DEBUG=1",
					"$(inherited)",
				);
				GCC_WARN_64_TO_32_BIT_CONVERSION = YES;
				GCC_WARN_ABOUT_RETURN_TYPE = YES_ERROR;
				GCC_WARN_UNDECLARED_SELECTOR = YES;
				GCC_WARN_UNINITIALIZED_AUTOS = YES_AGGRESSIVE;
				GCC_WARN_UNUSED_FUNCTION = YES;
				GCC_WARN_UNUSED_VARIABLE = YES;
				IPHONEOS_DEPLOYMENT_TARGET = 15.2;
				MTL_ENABLE_DEBUG_INFO = INCLUDE_SOURCE;
				MTL_FAST_MATH = YES;
				ONLY_ACTIVE_ARCH = YES;
				SDKROOT = iphoneos;
				SWIFT_ACTIVE_COMPILATION_CONDITIONS = DEBUG;
				SWIFT_OPTIMIZATION_LEVEL = "-Onone";
			};
			name = Debug;
		};
		50AAF402281D64F900E3F75B /* Release */ = {
			isa = XCBuildConfiguration;
			buildSettings = {
				ALWAYS_SEARCH_USER_PATHS = NO;
				CLANG_ANALYZER_NONNULL = YES;
				CLANG_ANALYZER_NUMBER_OBJECT_CONVERSION = YES_AGGRESSIVE;
				CLANG_CXX_LANGUAGE_STANDARD = "gnu++17";
				CLANG_CXX_LIBRARY = "libc++";
				CLANG_ENABLE_MODULES = YES;
				CLANG_ENABLE_OBJC_ARC = YES;
				CLANG_ENABLE_OBJC_WEAK = YES;
				CLANG_WARN_BLOCK_CAPTURE_AUTORELEASING = YES;
				CLANG_WARN_BOOL_CONVERSION = YES;
				CLANG_WARN_COMMA = YES;
				CLANG_WARN_CONSTANT_CONVERSION = YES;
				CLANG_WARN_DEPRECATED_OBJC_IMPLEMENTATIONS = YES;
				CLANG_WARN_DIRECT_OBJC_ISA_USAGE = YES_ERROR;
				CLANG_WARN_DOCUMENTATION_COMMENTS = YES;
				CLANG_WARN_EMPTY_BODY = YES;
				CLANG_WARN_ENUM_CONVERSION = YES;
				CLANG_WARN_INFINITE_RECURSION = YES;
				CLANG_WARN_INT_CONVERSION = YES;
				CLANG_WARN_NON_LITERAL_NULL_CONVERSION = YES;
				CLANG_WARN_OBJC_IMPLICIT_RETAIN_SELF = YES;
				CLANG_WARN_OBJC_LITERAL_CONVERSION = YES;
				CLANG_WARN_OBJC_ROOT_CLASS = YES_ERROR;
				CLANG_WARN_QUOTED_INCLUDE_IN_FRAMEWORK_HEADER = YES;
				CLANG_WARN_RANGE_LOOP_ANALYSIS = YES;
				CLANG_WARN_STRICT_PROTOTYPES = YES;
				CLANG_WARN_SUSPICIOUS_MOVE = YES;
				CLANG_WARN_UNGUARDED_AVAILABILITY = YES_AGGRESSIVE;
				CLANG_WARN_UNREACHABLE_CODE = YES;
				CLANG_WARN__DUPLICATE_METHOD_MATCH = YES;
				COPY_PHASE_STRIP = NO;
				DEBUG_INFORMATION_FORMAT = "dwarf-with-dsym";
				ENABLE_NS_ASSERTIONS = NO;
				ENABLE_STRICT_OBJC_MSGSEND = YES;
				GCC_C_LANGUAGE_STANDARD = gnu11;
				GCC_NO_COMMON_BLOCKS = YES;
				GCC_WARN_64_TO_32_BIT_CONVERSION = YES;
				GCC_WARN_ABOUT_RETURN_TYPE = YES_ERROR;
				GCC_WARN_UNDECLARED_SELECTOR = YES;
				GCC_WARN_UNINITIALIZED_AUTOS = YES_AGGRESSIVE;
				GCC_WARN_UNUSED_FUNCTION = YES;
				GCC_WARN_UNUSED_VARIABLE = YES;
				IPHONEOS_DEPLOYMENT_TARGET = 15.2;
				MTL_ENABLE_DEBUG_INFO = NO;
				MTL_FAST_MATH = YES;
				SDKROOT = iphoneos;
				SWIFT_COMPILATION_MODE = wholemodule;
				SWIFT_OPTIMIZATION_LEVEL = "-O";
				VALIDATE_PRODUCT = YES;
			};
			name = Release;
		};
		50AAF404281D64F900E3F75B /* Debug */ = {
			isa = XCBuildConfiguration;
			buildSettings = {
				ASSETCATALOG_COMPILER_APPICON_NAME = AppIcon;
				ASSETCATALOG_COMPILER_GLOBAL_ACCENT_COLOR_NAME = AccentColor;
				CODE_SIGN_STYLE = Automatic;
				CURRENT_PROJECT_VERSION = 1;
				GENERATE_INFOPLIST_FILE = YES;
				INFOPLIST_FILE = ListLeboncoin/Info.plist;
				INFOPLIST_KEY_UIApplicationSupportsIndirectInputEvents = YES;
				INFOPLIST_KEY_UILaunchStoryboardName = LaunchScreen;
				INFOPLIST_KEY_UIMainStoryboardFile = Main;
				INFOPLIST_KEY_UISupportedInterfaceOrientations_iPad = "UIInterfaceOrientationPortrait UIInterfaceOrientationPortraitUpsideDown UIInterfaceOrientationLandscapeLeft UIInterfaceOrientationLandscapeRight";
				INFOPLIST_KEY_UISupportedInterfaceOrientations_iPhone = "UIInterfaceOrientationPortrait UIInterfaceOrientationLandscapeLeft UIInterfaceOrientationLandscapeRight";
				LD_RUNPATH_SEARCH_PATHS = (
					"$(inherited)",
					"@executable_path/Frameworks",
				);
				MARKETING_VERSION = 1.0;
				PRODUCT_BUNDLE_IDENTIFIER = "com-mohsylla.ListLeboncoin";
				PRODUCT_NAME = "$(TARGET_NAME)";
				SWIFT_EMIT_LOC_STRINGS = YES;
				SWIFT_VERSION = 5.0;
				TARGETED_DEVICE_FAMILY = "1,2";
			};
			name = Debug;
		};
		50AAF405281D64F900E3F75B /* Release */ = {
			isa = XCBuildConfiguration;
			buildSettings = {
				ASSETCATALOG_COMPILER_APPICON_NAME = AppIcon;
				ASSETCATALOG_COMPILER_GLOBAL_ACCENT_COLOR_NAME = AccentColor;
				CODE_SIGN_STYLE = Automatic;
				CURRENT_PROJECT_VERSION = 1;
				GENERATE_INFOPLIST_FILE = YES;
				INFOPLIST_FILE = ListLeboncoin/Info.plist;
				INFOPLIST_KEY_UIApplicationSupportsIndirectInputEvents = YES;
				INFOPLIST_KEY_UILaunchStoryboardName = LaunchScreen;
				INFOPLIST_KEY_UIMainStoryboardFile = Main;
				INFOPLIST_KEY_UISupportedInterfaceOrientations_iPad = "UIInterfaceOrientationPortrait UIInterfaceOrientationPortraitUpsideDown UIInterfaceOrientationLandscapeLeft UIInterfaceOrientationLandscapeRight";
				INFOPLIST_KEY_UISupportedInterfaceOrientations_iPhone = "UIInterfaceOrientationPortrait UIInterfaceOrientationLandscapeLeft UIInterfaceOrientationLandscapeRight";
				LD_RUNPATH_SEARCH_PATHS = (
					"$(inherited)",
					"@executable_path/Frameworks",
				);
				MARKETING_VERSION = 1.0;
				PRODUCT_BUNDLE_IDENTIFIER = "com-mohsylla.ListLeboncoin";
				PRODUCT_NAME = "$(TARGET_NAME)";
				SWIFT_EMIT_LOC_STRINGS = YES;
				SWIFT_VERSION = 5.0;
				TARGETED_DEVICE_FAMILY = "1,2";
			};
			name = Release;
		};
/* End XCBuildConfiguration section */

/* Begin XCConfigurationList section */
		50AAF3E7281D64F600E3F75B /* Build configuration list for PBXProject "ListLeboncoin" */ = {
			isa = XCConfigurationList;
			buildConfigurations = (
				50AAF401281D64F900E3F75B /* Debug */,
				50AAF402281D64F900E3F75B /* Release */,
			);
			defaultConfigurationIsVisible = 0;
			defaultConfigurationName = Release;
		};
		50AAF403281D64F900E3F75B /* Build configuration list for PBXNativeTarget "ListLeboncoin" */ = {
			isa = XCConfigurationList;
			buildConfigurations = (
				50AAF404281D64F900E3F75B /* Debug */,
				50AAF405281D64F900E3F75B /* Release */,
			);
			defaultConfigurationIsVisible = 0;
			defaultConfigurationName = Release;
		};
/* End XCConfigurationList section */

/* Begin XCVersionGroup section */
		50AAF3F8281D64F600E3F75B /* ListLeboncoin.xcdatamodeld */ = {
			isa = XCVersionGroup;
			children = (
				50AAF3F9281D64F600E3F75B /* ListLeboncoin.xcdatamodel */,
			);
			currentVersion = 50AAF3F9281D64F600E3F75B /* ListLeboncoin.xcdatamodel */;
			path = ListLeboncoin.xcdatamodeld;
			sourceTree = "<group>";
			versionGroupType = wrapper.xcdatamodel;
		};
/* End XCVersionGroup section */
	};
	rootObject = 50AAF3E4281D64F600E3F75B /* Project object */;
}
